
Microsoft Visual Studio Solution File, Format Version 12.00
# Visual Studio 14
VisualStudioVersion = 14.0.25420.1
MinimumVisualStudioVersion = 10.0.40219.1
Project("{FAE04EC0-301F-11D3-BF4B-00C04F79EFBC}") = "SendEmail-from excel", "SendEmail-from excel\SendEmail-from excel.csproj", "{01798D52-2AB2-4186-BC3A-BF2C05DEF84D}"
EndProject
Global
	GlobalSection(SolutionConfigurationPlatforms) = preSolution
		Debug|Any CPU = Debug|Any CPU
		Release|Any CPU = Release|Any CPU
	EndGlobalSection
	GlobalSection(ProjectConfigurationPlatforms) = postSolution
		{01798D52-2AB2-4186-BC3A-BF2C05DEF84D}.Debug|Any CPU.ActiveCfg = Debug|Any CPU
		{01798D52-2AB2-4186-BC3A-BF2C05DEF84D}.Debug|Any CPU.Build.0 = Debug|Any CPU
		{01798D52-2AB2-4186-BC3A-BF2C05DEF84D}.Release|Any CPU.ActiveCfg = Release|Any CPU
		{01798D52-2AB2-4186-BC3A-BF2C05DEF84D}.Release|Any CPU.Build.0 = Release|Any CPU
	EndGlobalSection
	GlobalSection(SolutionProperties) = preSolution
		HideSolutionNode = FALSE
	EndGlobalSection
EndGlobal
